
Microsoft Visual Studio Solution File, Format Version 12.00
# Visual Studio Version 16
VisualStudioVersion = 16.0.32510.428
MinimumVisualStudioVersion = 10.0.40219.1
Project("{FAE04EC0-301F-11D3-BF4B-00C04F79EFBC}") = "Media2", "Media2\Media2.csproj", "{D8143205-E857-48B6-9C70-0A6B9E73CDEA}"
EndProject
Global
	GlobalSection(SolutionConfigurationPlatforms) = preSolution
		Debug|Any CPU = Debug|Any CPU
		Release|Any CPU = Release|Any CPU
	EndGlobalSection
	GlobalSection(ProjectConfigurationPlatforms) = postSolution
		{D8143205-E857-48B6-9C70-0A6B9E73CDEA}.Debug|Any CPU.ActiveCfg = Debug|Any CPU
		{D8143205-E857-48B6-9C70-0A6B9E73CDEA}.Debug|Any CPU.Build.0 = Debug|Any CPU
		{D8143205-E857-48B6-9C70-0A6B9E73CDEA}.Release|Any CPU.ActiveCfg = Release|Any CPU
		{D8143205-E857-48B6-9C70-0A6B9E73CDEA}.Release|Any CPU.Build.0 = Release|Any CPU
	EndGlobalSection
	GlobalSection(SolutionProperties) = preSolution
		HideSolutionNode = FALSE
	EndGlobalSection
	GlobalSection(ExtensibilityGlobals) = postSolution
		SolutionGuid = {12967BDF-660C-4E55-9240-2612ACAD6DAC}
	EndGlobalSection
EndGlobal
