
Microsoft Visual Studio Solution File, Format Version 12.00
# Visual Studio Version 16
VisualStudioVersion = 16.0.32510.428
MinimumVisualStudioVersion = 10.0.40219.1
Project("{FAE04EC0-301F-11D3-BF4B-00C04F79EFBC}") = "Media1", "Media1\Media1.csproj", "{4EBF1A14-813D-4232-A5B3-26C04C33B297}"
EndProject
Global
	GlobalSection(SolutionConfigurationPlatforms) = preSolution
		Debug|Any CPU = Debug|Any CPU
		Release|Any CPU = Release|Any CPU
	EndGlobalSection
	GlobalSection(ProjectConfigurationPlatforms) = postSolution
		{4EBF1A14-813D-4232-A5B3-26C04C33B297}.Debug|Any CPU.ActiveCfg = Debug|Any CPU
		{4EBF1A14-813D-4232-A5B3-26C04C33B297}.Debug|Any CPU.Build.0 = Debug|Any CPU
		{4EBF1A14-813D-4232-A5B3-26C04C33B297}.Release|Any CPU.ActiveCfg = Release|Any CPU
		{4EBF1A14-813D-4232-A5B3-26C04C33B297}.Release|Any CPU.Build.0 = Release|Any CPU
	EndGlobalSection
	GlobalSection(SolutionProperties) = preSolution
		HideSolutionNode = FALSE
	EndGlobalSection
	GlobalSection(ExtensibilityGlobals) = postSolution
		SolutionGuid = {FE27927A-16EE-4450-BB7C-5A7E5025081F}
	EndGlobalSection
EndGlobal
