
Microsoft Visual Studio Solution File, Format Version 12.00
# Visual Studio Version 16
VisualStudioVersion = 16.0.32510.428
MinimumVisualStudioVersion = 10.0.40219.1
Project("{FAE04EC0-301F-11D3-BF4B-00C04F79EFBC}") = "Incremento", "Incremento\Incremento.csproj", "{AFD6E136-D3DA-43D6-9B71-4682789FDF0B}"
EndProject
Global
	GlobalSection(SolutionConfigurationPlatforms) = preSolution
		Debug|Any CPU = Debug|Any CPU
		Release|Any CPU = Release|Any CPU
	EndGlobalSection
	GlobalSection(ProjectConfigurationPlatforms) = postSolution
		{AFD6E136-D3DA-43D6-9B71-4682789FDF0B}.Debug|Any CPU.ActiveCfg = Debug|Any CPU
		{AFD6E136-D3DA-43D6-9B71-4682789FDF0B}.Debug|Any CPU.Build.0 = Debug|Any CPU
		{AFD6E136-D3DA-43D6-9B71-4682789FDF0B}.Release|Any CPU.ActiveCfg = Release|Any CPU
		{AFD6E136-D3DA-43D6-9B71-4682789FDF0B}.Release|Any CPU.Build.0 = Release|Any CPU
	EndGlobalSection
	GlobalSection(SolutionProperties) = preSolution
		HideSolutionNode = FALSE
	EndGlobalSection
	GlobalSection(ExtensibilityGlobals) = postSolution
		SolutionGuid = {911846F6-CD6B-4F0D-B34A-FBC475B6552D}
	EndGlobalSection
EndGlobal
