
Microsoft Visual Studio Solution File, Format Version 12.00
# Visual Studio Version 16
VisualStudioVersion = 16.0.32510.428
MinimumVisualStudioVersion = 10.0.40219.1
Project("{FAE04EC0-301F-11D3-BF4B-00C04F79EFBC}") = "DoWhileLoopCS", "DoWhileLoopCS\DoWhileLoopCS.csproj", "{38F3A4E2-EF57-4678-9F89-73C128B15DBB}"
EndProject
Global
	GlobalSection(SolutionConfigurationPlatforms) = preSolution
		Debug|Any CPU = Debug|Any CPU
		Release|Any CPU = Release|Any CPU
	EndGlobalSection
	GlobalSection(ProjectConfigurationPlatforms) = postSolution
		{38F3A4E2-EF57-4678-9F89-73C128B15DBB}.Debug|Any CPU.ActiveCfg = Debug|Any CPU
		{38F3A4E2-EF57-4678-9F89-73C128B15DBB}.Debug|Any CPU.Build.0 = Debug|Any CPU
		{38F3A4E2-EF57-4678-9F89-73C128B15DBB}.Release|Any CPU.ActiveCfg = Release|Any CPU
		{38F3A4E2-EF57-4678-9F89-73C128B15DBB}.Release|Any CPU.Build.0 = Release|Any CPU
	EndGlobalSection
	GlobalSection(SolutionProperties) = preSolution
		HideSolutionNode = FALSE
	EndGlobalSection
	GlobalSection(ExtensibilityGlobals) = postSolution
		SolutionGuid = {FE91184E-3DE7-42FF-B388-CBB70BFFA3E0}
	EndGlobalSection
EndGlobal
